PODS:
  - Alamofire (2.0.2)
  - Scrollable (1.0.5)
  - SDWebImage (3.8.2):
    - SDWebImage/Core (= 3.8.2)
  - SDWebImage/Core (3.8.2)
  - SwiftyJSON (2.4.0)

DEPENDENCIES:
  - Alamofire (~> 2.0)
  - Scrollable (~> 1.0)
  - SDWebImage (~> 3.8)
  - SwiftyJSON (~> 2.0)

SPEC CHECKSUMS:
  Alamofire: 8edbab00802a752bb5240cc2abe70e7e881488ad
  Scrollable: 1be6d6b8b4fbc6aa98f5f44a24c1f88105ae35dd
  SDWebImage: 098e97e6176540799c27e804c96653ee0833d13c
  SwiftyJSON: 96918c1bf505efa50c4f72957018dd3452090c9c

PODFILE CHECKSUM: 5c1bdcf2a164a1500740fe3a4754b6e18ea1a369

COCOAPODS: 1.1.1
